// !$*UTF8*$!
{
	archiveVersion = 1;
	classes = {
	};
	objectVersion = 46;
	objects = {

/* Begin PBXBuildFile section */
		550FE1951B9CF704003F208D /* InfoPanel.xib in Resources */ = {isa = PBXBuildFile; fileRef = 550FE1971B9CF704003F208D /* InfoPanel.xib */; };
		550FE1981B9CF715003F208D /* Life.xib in Resources */ = {isa = PBXBuildFile; fileRef = 550FE19A1B9CF715003F208D /* Life.xib */; };
		550FE19B1B9CF71F003F208D /* Preferences.xib in Resources */ = {isa = PBXBuildFile; fileRef = 550FE19D1B9CF71F003F208D /* Preferences.xib */; };
		552CE1071BA49B710091E9C6 /* Life.help in Resources */ = {isa = PBXBuildFile; fileRef = 557A136E1BA25E7E002C302C /* Life.help */; };
		552CE10C1BA49CEA0091E9C6 /* InfoPlists.strings in Resources */ = {isa = PBXBuildFile; fileRef = 552CE10E1BA49CEA0091E9C6 /* InfoPlists.strings */; };
		552CE1171BA4AA280091E9C6 /* random_step.png in Copy Global Art */ = {isa = PBXBuildFile; fileRef = 557A137A1BA39268002C302C /* random_step.png */; };
		552CE1181BA4AA280091E9C6 /* random_gaus.png in Copy Global Art */ = {isa = PBXBuildFile; fileRef = 557A137B1BA39268002C302C /* random_gaus.png */; };
		552CE1191BA4AA280091E9C6 /* random_isotropic.png in Copy Global Art */ = {isa = PBXBuildFile; fileRef = 557A137C1BA39268002C302C /* random_isotropic.png */; };
		552CE11A1BA4AA280091E9C6 /* speed_zoom.png in Copy Global Art */ = {isa = PBXBuildFile; fileRef = 552CE1121BA4A5BE0091E9C6 /* speed_zoom.png */; };
		552CE11B1BA4AA280091E9C6 /* clear_step_run_stop.png in Copy Global Art */ = {isa = PBXBuildFile; fileRef = 552CE1131BA4A5BE0091E9C6 /* clear_step_run_stop.png */; };
		552CE1321BA4AD7C0091E9C6 /* Author.html in Resources */ = {isa = PBXBuildFile; fileRef = 552CE1341BA4AD7C0091E9C6 /* Author.html */; };
		552CE1351BA4AD820091E9C6 /* Bibliography.html in Resources */ = {isa = PBXBuildFile; fileRef = 552CE1371BA4AD820091E9C6 /* Bibliography.html */; };
		552CE1381BA4AD880091E9C6 /* Bugs.html in Resources */ = {isa = PBXBuildFile; fileRef = 552CE13A1BA4AD880091E9C6 /* Bugs.html */; };
		552CE13B1BA4AD900091E9C6 /* Future.html in Resources */ = {isa = PBXBuildFile; fileRef = 552CE13D1BA4AD900091E9C6 /* Future.html */; };
		552CE13E1BA4AD9A0091E9C6 /* Introductions.html in Resources */ = {isa = PBXBuildFile; fileRef = 552CE1401BA4AD9A0091E9C6 /* Introductions.html */; };
		552CE1411BA4AD9E0091E9C6 /* Loading.html in Resources */ = {isa = PBXBuildFile; fileRef = 552CE1431BA4AD9E0091E9C6 /* Loading.html */; };
		552CE1441BA4ADA30091E9C6 /* Mouse.html in Resources */ = {isa = PBXBuildFile; fileRef = 552CE1461BA4ADA30091E9C6 /* Mouse.html */; };
		552CE1471BA4ADA80091E9C6 /* Rules.html in Resources */ = {isa = PBXBuildFile; fileRef = 552CE1491BA4ADA80091E9C6 /* Rules.html */; };
		552CE14A1BA4ADAC0091E9C6 /* Preferences.html in Resources */ = {isa = PBXBuildFile; fileRef = 552CE14C1BA4ADAC0091E9C6 /* Preferences.html */; };
		552CE14D1BA4ADCA0091E9C6 /* TableOfCountents.html in Resources */ = {isa = PBXBuildFile; fileRef = 552CE14F1BA4ADCA0091E9C6 /* TableOfCountents.html */; };
		552CE1501BA4ADD10091E9C6 /* Tools.html in Resources */ = {isa = PBXBuildFile; fileRef = 552CE1521BA4ADD10091E9C6 /* Tools.html */; };
		552CE1541BA4ADE30091E9C6 /* Random.html in Resources */ = {isa = PBXBuildFile; fileRef = 552CE1561BA4ADE30091E9C6 /* Random.html */; };
		552CE1571BA4ADEC0091E9C6 /* License.html in Resources */ = {isa = PBXBuildFile; fileRef = 552CE1591BA4ADEC0091E9C6 /* License.html */; };
		552CE15A1BA4ADFC0091E9C6 /* ActionControl.html in Resources */ = {isa = PBXBuildFile; fileRef = 552CE15C1BA4ADFC0091E9C6 /* ActionControl.html */; };
		552CE15D1BA4AE050091E9C6 /* Acknowledgements.html in Resources */ = {isa = PBXBuildFile; fileRef = 552CE15F1BA4AE050091E9C6 /* Acknowledgements.html */; };
		552CE1601BA4AE0F0091E9C6 /* index.html in Resources */ = {isa = PBXBuildFile; fileRef = 552CE1621BA4AE0F0091E9C6 /* index.html */; };
		553141AF1B9A65DB00390795 /* main.m in Sources */ = {isa = PBXBuildFile; fileRef = 553141AE1B9A65DB00390795 /* main.m */; };
		553141B11B9A65DB00390795 /* Assets.xcassets in Resources */ = {isa = PBXBuildFile; fileRef = 553141B01B9A65DB00390795 /* Assets.xcassets */; };
		553141C81B9A66AF00390795 /* Generator.m in Sources */ = {isa = PBXBuildFile; fileRef = 553141BC1B9A66AF00390795 /* Generator.m */; };
		553141C91B9A66AF00390795 /* InfoGenerator.m in Sources */ = {isa = PBXBuildFile; fileRef = 553141BE1B9A66AF00390795 /* InfoGenerator.m */; };
		553141CA1B9A66AF00390795 /* InfoLifeView.m in Sources */ = {isa = PBXBuildFile; fileRef = 553141C01B9A66AF00390795 /* InfoLifeView.m */; };
		553141CC1B9A66AF00390795 /* LifeView.m in Sources */ = {isa = PBXBuildFile; fileRef = 553141C31B9A66AF00390795 /* LifeView.m */; };
		553141CD1B9A66AF00390795 /* PrefController.m in Sources */ = {isa = PBXBuildFile; fileRef = 553141C51B9A66AF00390795 /* PrefController.m */; };
		553141CE1B9A66AF00390795 /* RandomGenerator.m in Sources */ = {isa = PBXBuildFile; fileRef = 553141C71B9A66AF00390795 /* RandomGenerator.m */; };
		553141D01B9A66BA00390795 /* Help in Resources */ = {isa = PBXBuildFile; fileRef = 553141CF1B9A66BA00390795 /* Help */; };
		553141E21B9AC38F00390795 /* Mail.app in Sources */ = {isa = PBXBuildFile; fileRef = 553141E01B9AC33D00390795 /* Mail.app */; };
		55E2F09F1B9B3EC9009B90C1 /* Info.life in Resources */ = {isa = PBXBuildFile; fileRef = 55E2F09D1B9B3EC9009B90C1 /* Info.life */; };
		55E2F0A01B9B3EC9009B90C1 /* LifeSamples in Resources */ = {isa = PBXBuildFile; fileRef = 55E2F09E1B9B3EC9009B90C1 /* LifeSamples */; };
		55E2F0A21B9B5239009B90C1 /* LifeChar.m in Sources */ = {isa = PBXBuildFile; fileRef = 55E2F0A11B9B5239009B90C1 /* LifeChar.m */; };
		55F6612C1BA3F13000599B8D /* Random.xib in Resources */ = {isa = PBXBuildFile; fileRef = 55F6612A1BA3F13000599B8D /* Random.xib */; };
/* End PBXBuildFile section */

/* Begin PBXBuildRule section */
		553141DF1B9AC2F200390795 /* PBXBuildRule */ = {
			isa = PBXBuildRule;
			compilerSpec = com.apple.compilers.proxy.script;
			filePatterns = "*.app";
			fileType = pattern.proxy;
			isEditable = 1;
			outputFiles = (
				"$(DERIVED_FILES_DIR)/$(INPUT_FILE_BASE).h",
			);
			script = "sdef \"$INPUT_FILE_PATH\" | sdp -fh -o \"$DERIVED_FILES_DIR\" --basename \"$INPUT_FILE_BASE\" --bundleid `defaults read \"$INPUT_FILE_PATH/Contents/Info\" CFBundleIdentifier`";
		};
/* End PBXBuildRule section */

/* Begin PBXContainerItemProxy section */
		552CE1051BA49B670091E9C6 /* PBXContainerItemProxy */ = {
			isa = PBXContainerItemProxy;
			containerPortal = 5531419F1B9A65DB00390795 /* Project object */;
			proxyType = 1;
			remoteGlobalIDString = 557A136D1BA25E7E002C302C;
			remoteInfo = HelpBundle;
		};
/* End PBXContainerItemProxy section */

/* Begin PBXCopyFilesBuildPhase section */
		552CE1161BA4AA0A0091E9C6 /* Copy Global Art */ = {
			isa = PBXCopyFilesBuildPhase;
			buildActionMask = 2147483647;
			dstPath = GlobalArt;
			dstSubfolderSpec = 7;
			files = (
				552CE1171BA4AA280091E9C6 /* random_step.png in Copy Global Art */,
				552CE1181BA4AA280091E9C6 /* random_gaus.png in Copy Global Art */,
				552CE1191BA4AA280091E9C6 /* random_isotropic.png in Copy Global Art */,
				552CE11A1BA4AA280091E9C6 /* speed_zoom.png in Copy Global Art */,
				552CE11B1BA4AA280091E9C6 /* clear_step_run_stop.png in Copy Global Art */,
			);
			name = "Copy Global Art";
			runOnlyForDeploymentPostprocessing = 0;
		};
/* End PBXCopyFilesBuildPhase section */

/* Begin PBXFileReference section */
		550FE1961B9CF704003F208D /* en */ = {isa = PBXFileReference; lastKnownFileType = file.xib; name = en; path = en.lproj/InfoPanel.xib; sourceTree = "<group>"; };
		550FE1991B9CF715003F208D /* en */ = {isa = PBXFileReference; lastKnownFileType = file.xib; name = en; path = en.lproj/Life.xib; sourceTree = "<group>"; };
		550FE19C1B9CF71F003F208D /* en */ = {isa = PBXFileReference; lastKnownFileType = file.xib; name = en; path = en.lproj/Preferences.xib; sourceTree = "<group>"; };
		552CE10D1BA49CEA0091E9C6 /* en */ = {isa = PBXFileReference; lastKnownFileType = text.plist.strings; name = en; path = en.lproj/InfoPlists.strings; sourceTree = "<group>"; };
		552CE1121BA4A5BE0091E9C6 /* speed_zoom.png */ = {isa = PBXFileReference; lastKnownFileType = image.png; path = speed_zoom.png; sourceTree = "<group>"; };
		552CE1131BA4A5BE0091E9C6 /* clear_step_run_stop.png */ = {isa = PBXFileReference; lastKnownFileType = image.png; path = clear_step_run_stop.png; sourceTree = "<group>"; };
		552CE1331BA4AD7C0091E9C6 /* en */ = {isa = PBXFileReference; lastKnownFileType = text.html; name = en; path = en.lproj/Author.html; sourceTree = "<group>"; };
		552CE1361BA4AD820091E9C6 /* en */ = {isa = PBXFileReference; lastKnownFileType = text.html; name = en; path = en.lproj/Bibliography.html; sourceTree = "<group>"; };
		552CE1391BA4AD880091E9C6 /* en */ = {isa = PBXFileReference; lastKnownFileType = text.html; name = en; path = en.lproj/Bugs.html; sourceTree = "<group>"; };
		552CE13C1BA4AD900091E9C6 /* en */ = {isa = PBXFileReference; lastKnownFileType = text.html; name = en; path = en.lproj/Future.html; sourceTree = "<group>"; };
		552CE13F1BA4AD9A0091E9C6 /* en */ = {isa = PBXFileReference; lastKnownFileType = text.html; name = en; path = en.lproj/Introductions.html; sourceTree = "<group>"; };
		552CE1421BA4AD9E0091E9C6 /* en */ = {isa = PBXFileReference; lastKnownFileType = text.html; name = en; path = en.lproj/Loading.html; sourceTree = "<group>"; };
		552CE1451BA4ADA30091E9C6 /* en */ = {isa = PBXFileReference; lastKnownFileType = text.html; name = en; path = en.lproj/Mouse.html; sourceTree = "<group>"; };
		552CE1481BA4ADA80091E9C6 /* en */ = {isa = PBXFileReference; lastKnownFileType = text.html; name = en; path = en.lproj/Rules.html; sourceTree = "<group>"; };
		552CE14B1BA4ADAC0091E9C6 /* en */ = {isa = PBXFileReference; lastKnownFileType = text.html; name = en; path = en.lproj/Preferences.html; sourceTree = "<group>"; };
		552CE1511BA4ADD10091E9C6 /* en */ = {isa = PBXFileReference; lastKnownFileType = text.html; name = en; path = en.lproj/Tools.html; sourceTree = "<group>"; };
		552CE1531BA4ADD50091E9C6 /* en */ = {isa = PBXFileReference; lastKnownFileType = text.html; name = en; path = en.lproj/TableOfCountents.html; sourceTree = "<group>"; };
		552CE1551BA4ADE30091E9C6 /* en */ = {isa = PBXFileReference; lastKnownFileType = text.html; name = en; path = en.lproj/Random.html; sourceTree = "<group>"; };
		552CE1581BA4ADEC0091E9C6 /* en */ = {isa = PBXFileReference; lastKnownFileType = text.html; name = en; path = en.lproj/License.html; sourceTree = "<group>"; };
		552CE15B1BA4ADFC0091E9C6 /* en */ = {isa = PBXFileReference; lastKnownFileType = text.html; name = en; path = en.lproj/ActionControl.html; sourceTree = "<group>"; };
		552CE15E1BA4AE050091E9C6 /* en */ = {isa = PBXFileReference; lastKnownFileType = text.html; name = en; path = en.lproj/Acknowledgements.html; sourceTree = "<group>"; };
		552CE1611BA4AE0F0091E9C6 /* Base */ = {isa = PBXFileReference; lastKnownFileType = text.html; name = Base; path = Base.lproj/index.html; sourceTree = "<group>"; };
		553141A71B9A65DB00390795 /* NeXTLife.app */ = {isa = PBXFileReference; explicitFileType = wrapper.application; includeInIndex = 0; path = NeXTLife.app; sourceTree = BUILT_PRODUCTS_DIR; };
		553141AE1B9A65DB00390795 /* main.m */ = {isa = PBXFileReference; lastKnownFileType = sourcecode.c.objc; path = main.m; sourceTree = "<group>"; };
		553141B01B9A65DB00390795 /* Assets.xcassets */ = {isa = PBXFileReference; lastKnownFileType = folder.assetcatalog; path = Assets.xcassets; sourceTree = "<group>"; };
		553141B51B9A65DB00390795 /* Info.plist */ = {isa = PBXFileReference; lastKnownFileType = text.plist.xml; path = Info.plist; sourceTree = "<group>"; };
		553141BB1B9A66AF00390795 /* Generator.h */ = {isa = PBXFileReference; fileEncoding = 4; lastKnownFileType = sourcecode.c.h; path = Generator.h; sourceTree = "<group>"; };
		553141BC1B9A66AF00390795 /* Generator.m */ = {isa = PBXFileReference; fileEncoding = 4; lastKnownFileType = sourcecode.c.objc; path = Generator.m; sourceTree = "<group>"; };
		553141BD1B9A66AF00390795 /* InfoGenerator.h */ = {isa = PBXFileReference; fileEncoding = 4; lastKnownFileType = sourcecode.c.h; path = InfoGenerator.h; sourceTree = "<group>"; };
		553141BE1B9A66AF00390795 /* InfoGenerator.m */ = {isa = PBXFileReference; fileEncoding = 4; lastKnownFileType = sourcecode.c.objc; path = InfoGenerator.m; sourceTree = "<group>"; };
		553141BF1B9A66AF00390795 /* InfoLifeView.h */ = {isa = PBXFileReference; fileEncoding = 4; lastKnownFileType = sourcecode.c.h; path = InfoLifeView.h; sourceTree = "<group>"; };
		553141C01B9A66AF00390795 /* InfoLifeView.m */ = {isa = PBXFileReference; fileEncoding = 4; lastKnownFileType = sourcecode.c.objc; path = InfoLifeView.m; sourceTree = "<group>"; };
		553141C11B9A66AF00390795 /* LifeChar.psw */ = {isa = PBXFileReference; fileEncoding = 4; lastKnownFileType = text; path = LifeChar.psw; sourceTree = "<group>"; };
		553141C21B9A66AF00390795 /* LifeView.h */ = {isa = PBXFileReference; fileEncoding = 4; lastKnownFileType = sourcecode.c.h; path = LifeView.h; sourceTree = "<group>"; };
		553141C31B9A66AF00390795 /* LifeView.m */ = {isa = PBXFileReference; fileEncoding = 4; lastKnownFileType = sourcecode.c.objc; path = LifeView.m; sourceTree = "<group>"; };
		553141C41B9A66AF00390795 /* PrefController.h */ = {isa = PBXFileReference; fileEncoding = 4; lastKnownFileType = sourcecode.c.h; path = PrefController.h; sourceTree = "<group>"; };
		553141C51B9A66AF00390795 /* PrefController.m */ = {isa = PBXFileReference; fileEncoding = 4; lastKnownFileType = sourcecode.c.objc; path = PrefController.m; sourceTree = "<group>"; };
		553141C61B9A66AF00390795 /* RandomGenerator.h */ = {isa = PBXFileReference; fileEncoding = 4; lastKnownFileType = sourcecode.c.h; path = RandomGenerator.h; sourceTree = "<group>"; };
		553141C71B9A66AF00390795 /* RandomGenerator.m */ = {isa = PBXFileReference; fileEncoding = 4; lastKnownFileType = sourcecode.c.objc; path = RandomGenerator.m; sourceTree = "<group>"; };
		553141CF1B9A66BA00390795 /* Help */ = {isa = PBXFileReference; lastKnownFileType = folder; path = Help; sourceTree = "<group>"; };
		553141E01B9AC33D00390795 /* Mail.app */ = {isa = PBXFileReference; lastKnownFileType = wrapper.application; name = Mail.app; path = /Applications/Mail.app; sourceTree = "<absolute>"; };
		557A136E1BA25E7E002C302C /* Life.help */ = {isa = PBXFileReference; explicitFileType = wrapper.cfbundle; includeInIndex = 0; path = Life.help; sourceTree = BUILT_PRODUCTS_DIR; };
		557A13701BA25E7E002C302C /* Info.plist */ = {isa = PBXFileReference; lastKnownFileType = text.plist.xml; path = Info.plist; sourceTree = "<group>"; };
		557A137A1BA39268002C302C /* random_step.png */ = {isa = PBXFileReference; lastKnownFileType = image.png; path = random_step.png; sourceTree = "<group>"; };
		557A137B1BA39268002C302C /* random_gaus.png */ = {isa = PBXFileReference; lastKnownFileType = image.png; path = random_gaus.png; sourceTree = "<group>"; };
		557A137C1BA39268002C302C /* random_isotropic.png */ = {isa = PBXFileReference; lastKnownFileType = image.png; path = random_isotropic.png; sourceTree = "<group>"; };
		55E2F09D1B9B3EC9009B90C1 /* Info.life */ = {isa = PBXFileReference; fileEncoding = 4; lastKnownFileType = text; path = Info.life; sourceTree = "<group>"; };
		55E2F09E1B9B3EC9009B90C1 /* LifeSamples */ = {isa = PBXFileReference; lastKnownFileType = folder; path = LifeSamples; sourceTree = "<group>"; };
		55E2F0A11B9B5239009B90C1 /* LifeChar.m */ = {isa = PBXFileReference; fileEncoding = 4; lastKnownFileType = sourcecode.c.objc; path = LifeChar.m; sourceTree = "<group>"; };
		55E2F0A31B9B5249009B90C1 /* LifeChar.h */ = {isa = PBXFileReference; lastKnownFileType = sourcecode.c.h; path = LifeChar.h; sourceTree = "<group>"; };
		55F6612B1BA3F13000599B8D /* en */ = {isa = PBXFileReference; lastKnownFileType = file.xib; name = en; path = en.lproj/Random.xib; sourceTree = "<group>"; };
/* End PBXFileReference section */

/* Begin PBXFrameworksBuildPhase section */
		553141A41B9A65DB00390795 /* Frameworks */ = {
			isa = PBXFrameworksBuildPhase;
			buildActionMask = 2147483647;
			files = (
			);
			runOnlyForDeploymentPostprocessing = 0;
		};
		557A136B1BA25E7E002C302C /* Frameworks */ = {
			isa = PBXFrameworksBuildPhase;
			buildActionMask = 2147483647;
			files = (
			);
			runOnlyForDeploymentPostprocessing = 0;
		};
/* End PBXFrameworksBuildPhase section */

/* Begin PBXGroup section */
		552CE1111BA4A5B20091E9C6 /* Action */ = {
			isa = PBXGroup;
			children = (
				552CE1121BA4A5BE0091E9C6 /* speed_zoom.png */,
				552CE1131BA4A5BE0091E9C6 /* clear_step_run_stop.png */,
				552CE15C1BA4ADFC0091E9C6 /* ActionControl.html */,
			);
			name = Action;
			sourceTree = "<group>";
		};
		5531419E1B9A65DB00390795 = {
			isa = PBXGroup;
			children = (
				553141E01B9AC33D00390795 /* Mail.app */,
				553141A91B9A65DB00390795 /* NeXTLife */,
				557A136F1BA25E7E002C302C /* HelpBundle */,
				553141A81B9A65DB00390795 /* Products */,
			);
			sourceTree = "<group>";
		};
		553141A81B9A65DB00390795 /* Products */ = {
			isa = PBXGroup;
			children = (
				553141A71B9A65DB00390795 /* NeXTLife.app */,
				557A136E1BA25E7E002C302C /* Life.help */,
			);
			name = Products;
			sourceTree = "<group>";
		};
		553141A91B9A65DB00390795 /* NeXTLife */ = {
			isa = PBXGroup;
			children = (
				553141BB1B9A66AF00390795 /* Generator.h */,
				553141BC1B9A66AF00390795 /* Generator.m */,
				553141BD1B9A66AF00390795 /* InfoGenerator.h */,
				553141BE1B9A66AF00390795 /* InfoGenerator.m */,
				553141BF1B9A66AF00390795 /* InfoLifeView.h */,
				553141C01B9A66AF00390795 /* InfoLifeView.m */,
				553141C11B9A66AF00390795 /* LifeChar.psw */,
				55E2F0A31B9B5249009B90C1 /* LifeChar.h */,
				55E2F0A11B9B5239009B90C1 /* LifeChar.m */,
				553141C21B9A66AF00390795 /* LifeView.h */,
				553141C31B9A66AF00390795 /* LifeView.m */,
				553141C41B9A66AF00390795 /* PrefController.h */,
				553141C51B9A66AF00390795 /* PrefController.m */,
				553141C61B9A66AF00390795 /* RandomGenerator.h */,
				553141C71B9A66AF00390795 /* RandomGenerator.m */,
				553141B01B9A65DB00390795 /* Assets.xcassets */,
				550FE1971B9CF704003F208D /* InfoPanel.xib */,
				550FE19A1B9CF715003F208D /* Life.xib */,
				550FE19D1B9CF71F003F208D /* Preferences.xib */,
				55F6612A1BA3F13000599B8D /* Random.xib */,
				553141B51B9A65DB00390795 /* Info.plist */,
				553141AD1B9A65DB00390795 /* Supporting Files */,
			);
			name = NeXTLife;
			sourceTree = "<group>";
		};
		553141AD1B9A65DB00390795 /* Supporting Files */ = {
			isa = PBXGroup;
			children = (
				55E2F09D1B9B3EC9009B90C1 /* Info.life */,
				55E2F09E1B9B3EC9009B90C1 /* LifeSamples */,
				553141CF1B9A66BA00390795 /* Help */,
				553141AE1B9A65DB00390795 /* main.m */,
			);
			name = "Supporting Files";
			sourceTree = "<group>";
		};
		557A136F1BA25E7E002C302C /* HelpBundle */ = {
			isa = PBXGroup;
			children = (
				557A13701BA25E7E002C302C /* Info.plist */,
				552CE1341BA4AD7C0091E9C6 /* Author.html */,
				552CE1371BA4AD820091E9C6 /* Bibliography.html */,
				552CE13A1BA4AD880091E9C6 /* Bugs.html */,
				552CE13D1BA4AD900091E9C6 /* Future.html */,
				552CE1401BA4AD9A0091E9C6 /* Introductions.html */,
				552CE1431BA4AD9E0091E9C6 /* Loading.html */,
				552CE1461BA4ADA30091E9C6 /* Mouse.html */,
				552CE1491BA4ADA80091E9C6 /* Rules.html */,
				552CE14C1BA4ADAC0091E9C6 /* Preferences.html */,
				552CE14F1BA4ADCA0091E9C6 /* TableOfCountents.html */,
				552CE1521BA4ADD10091E9C6 /* Tools.html */,
				557A13801BA39273002C302C /* Random */,
				552CE1591BA4ADEC0091E9C6 /* License.html */,
				552CE1111BA4A5B20091E9C6 /* Action */,
				552CE15F1BA4AE050091E9C6 /* Acknowledgements.html */,
				552CE1621BA4AE0F0091E9C6 /* index.html */,
				552CE10E1BA49CEA0091E9C6 /* InfoPlists.strings */,
			);
			path = HelpBundle;
			sourceTree = "<group>";
		};
		557A13801BA39273002C302C /* Random */ = {
			isa = PBXGroup;
			children = (
				557A137A1BA39268002C302C /* random_step.png */,
				557A137B1BA39268002C302C /* random_gaus.png */,
				557A137C1BA39268002C302C /* random_isotropic.png */,
				552CE1561BA4ADE30091E9C6 /* Random.html */,
			);
			name = Random;
			sourceTree = "<group>";
		};
/* End PBXGroup section */

/* Begin PBXNativeTarget section */
		553141A61B9A65DB00390795 /* NeXTLife */ = {
			isa = PBXNativeTarget;
			buildConfigurationList = 553141B81B9A65DB00390795 /* Build configuration list for PBXNativeTarget "NeXTLife" */;
			buildPhases = (
				553141A31B9A65DB00390795 /* Sources */,
				553141A41B9A65DB00390795 /* Frameworks */,
				553141A51B9A65DB00390795 /* Resources */,
			);
			buildRules = (
				553141DF1B9AC2F200390795 /* PBXBuildRule */,
			);
			dependencies = (
				552CE1061BA49B670091E9C6 /* PBXTargetDependency */,
			);
			name = NeXTLife;
			productName = NeXTLife;
			productReference = 553141A71B9A65DB00390795 /* NeXTLife.app */;
			productType = "com.apple.product-type.application";
		};
		557A136D1BA25E7E002C302C /* HelpBundle */ = {
			isa = PBXNativeTarget;
			buildConfigurationList = 557A13731BA25E7E002C302C /* Build configuration list for PBXNativeTarget "HelpBundle" */;
			buildPhases = (
				557A136B1BA25E7E002C302C /* Frameworks */,
				557A136C1BA25E7E002C302C /* Resources */,
				552CE1161BA4AA0A0091E9C6 /* Copy Global Art */,
			);
			buildRules = (
			);
			dependencies = (
			);
			name = HelpBundle;
			productName = HelpBundle;
			productReference = 557A136E1BA25E7E002C302C /* Life.help */;
			productType = "com.apple.product-type.bundle";
		};
/* End PBXNativeTarget section */

/* Begin PBXProject section */
		5531419F1B9A65DB00390795 /* Project object */ = {
			isa = PBXProject;
			attributes = {
				LastUpgradeCheck = 0940;
				ORGANIZATIONNAME = "C.W. Betts";
				TargetAttributes = {
					553141A61B9A65DB00390795 = {
						CreatedOnToolsVersion = 7.0;
					};
					557A136D1BA25E7E002C302C = {
						CreatedOnToolsVersion = 7.0;
					};
				};
			};
			buildConfigurationList = 553141A21B9A65DB00390795 /* Build configuration list for PBXProject "NeXTLife" */;
			compatibilityVersion = "Xcode 3.2";
			developmentRegion = English;
			hasScannedForEncodings = 0;
			knownRegions = (
				en,
				Base,
			);
			mainGroup = 5531419E1B9A65DB00390795;
			productRefGroup = 553141A81B9A65DB00390795 /* Products */;
			projectDirPath = "";
			projectRoot = "";
			targets = (
				553141A61B9A65DB00390795 /* NeXTLife */,
				557A136D1BA25E7E002C302C /* HelpBundle */,
			);
		};
/* End PBXProject section */

/* Begin PBXResourcesBuildPhase section */
		553141A51B9A65DB00390795 /* Resources */ = {
			isa = PBXResourcesBuildPhase;
			buildActionMask = 2147483647;
			files = (
				552CE1071BA49B710091E9C6 /* Life.help in Resources */,
				55E2F0A01B9B3EC9009B90C1 /* LifeSamples in Resources */,
				55E2F09F1B9B3EC9009B90C1 /* Info.life in Resources */,
				550FE1951B9CF704003F208D /* InfoPanel.xib in Resources */,
				55F6612C1BA3F13000599B8D /* Random.xib in Resources */,
				550FE19B1B9CF71F003F208D /* Preferences.xib in Resources */,
				553141B11B9A65DB00390795 /* Assets.xcassets in Resources */,
				553141D01B9A66BA00390795 /* Help in Resources */,
				550FE1981B9CF715003F208D /* Life.xib in Resources */,
			);
			runOnlyForDeploymentPostprocessing = 0;
		};
		557A136C1BA25E7E002C302C /* Resources */ = {
			isa = PBXResourcesBuildPhase;
			buildActionMask = 2147483647;
			files = (
				552CE1381BA4AD880091E9C6 /* Bugs.html in Resources */,
				552CE1351BA4AD820091E9C6 /* Bibliography.html in Resources */,
				552CE1471BA4ADA80091E9C6 /* Rules.html in Resources */,
				552CE1541BA4ADE30091E9C6 /* Random.html in Resources */,
				552CE1601BA4AE0F0091E9C6 /* index.html in Resources */,
				552CE15A1BA4ADFC0091E9C6 /* ActionControl.html in Resources */,
				552CE1441BA4ADA30091E9C6 /* Mouse.html in Resources */,
				552CE1411BA4AD9E0091E9C6 /* Loading.html in Resources */,
				552CE1571BA4ADEC0091E9C6 /* License.html in Resources */,
				552CE13E1BA4AD9A0091E9C6 /* Introductions.html in Resources */,
				552CE14A1BA4ADAC0091E9C6 /* Preferences.html in Resources */,
				552CE10C1BA49CEA0091E9C6 /* InfoPlists.strings in Resources */,
				552CE15D1BA4AE050091E9C6 /* Acknowledgements.html in Resources */,
				552CE1321BA4AD7C0091E9C6 /* Author.html in Resources */,
				552CE13B1BA4AD900091E9C6 /* Future.html in Resources */,
				552CE1501BA4ADD10091E9C6 /* Tools.html in Resources */,
				552CE14D1BA4ADCA0091E9C6 /* TableOfCountents.html in Resources */,
			);
			runOnlyForDeploymentPostprocessing = 0;
		};
/* End PBXResourcesBuildPhase section */

/* Begin PBXSourcesBuildPhase section */
		553141A31B9A65DB00390795 /* Sources */ = {
			isa = PBXSourcesBuildPhase;
			buildActionMask = 2147483647;
			files = (
				553141E21B9AC38F00390795 /* Mail.app in Sources */,
				553141AF1B9A65DB00390795 /* main.m in Sources */,
				553141C91B9A66AF00390795 /* InfoGenerator.m in Sources */,
				55E2F0A21B9B5239009B90C1 /* LifeChar.m in Sources */,
				553141CC1B9A66AF00390795 /* LifeView.m in Sources */,
				553141CE1B9A66AF00390795 /* RandomGenerator.m in Sources */,
				553141C81B9A66AF00390795 /* Generator.m in Sources */,
				553141CA1B9A66AF00390795 /* InfoLifeView.m in Sources */,
				553141CD1B9A66AF00390795 /* PrefController.m in Sources */,
			);
			runOnlyForDeploymentPostprocessing = 0;
		};
/* End PBXSourcesBuildPhase section */

/* Begin PBXTargetDependency section */
		552CE1061BA49B670091E9C6 /* PBXTargetDependency */ = {
			isa = PBXTargetDependency;
			target = 557A136D1BA25E7E002C302C /* HelpBundle */;
			targetProxy = 552CE1051BA49B670091E9C6 /* PBXContainerItemProxy */;
		};
/* End PBXTargetDependency section */

/* Begin PBXVariantGroup section */
		550FE1971B9CF704003F208D /* InfoPanel.xib */ = {
			isa = PBXVariantGroup;
			children = (
				550FE1961B9CF704003F208D /* en */,
			);
			name = InfoPanel.xib;
			sourceTree = "<group>";
		};
		550FE19A1B9CF715003F208D /* Life.xib */ = {
			isa = PBXVariantGroup;
			children = (
				550FE1991B9CF715003F208D /* en */,
			);
			name = Life.xib;
			sourceTree = "<group>";
		};
		550FE19D1B9CF71F003F208D /* Preferences.xib */ = {
			isa = PBXVariantGroup;
			children = (
				550FE19C1B9CF71F003F208D /* en */,
			);
			name = Preferences.xib;
			sourceTree = "<group>";
		};
		552CE10E1BA49CEA0091E9C6 /* InfoPlists.strings */ = {
			isa = PBXVariantGroup;
			children = (
				552CE10D1BA49CEA0091E9C6 /* en */,
			);
			name = InfoPlists.strings;
			sourceTree = "<group>";
		};
		552CE1341BA4AD7C0091E9C6 /* Author.html */ = {
			isa = PBXVariantGroup;
			children = (
				552CE1331BA4AD7C0091E9C6 /* en */,
			);
			name = Author.html;
			sourceTree = "<group>";
		};
		552CE1371BA4AD820091E9C6 /* Bibliography.html */ = {
			isa = PBXVariantGroup;
			children = (
				552CE1361BA4AD820091E9C6 /* en */,
			);
			name = Bibliography.html;
			sourceTree = "<group>";
		};
		552CE13A1BA4AD880091E9C6 /* Bugs.html */ = {
			isa = PBXVariantGroup;
			children = (
				552CE1391BA4AD880091E9C6 /* en */,
			);
			name = Bugs.html;
			sourceTree = "<group>";
		};
		552CE13D1BA4AD900091E9C6 /* Future.html */ = {
			isa = PBXVariantGroup;
			children = (
				552CE13C1BA4AD900091E9C6 /* en */,
			);
			name = Future.html;
			sourceTree = "<group>";
		};
		552CE1401BA4AD9A0091E9C6 /* Introductions.html */ = {
			isa = PBXVariantGroup;
			children = (
				552CE13F1BA4AD9A0091E9C6 /* en */,
			);
			name = Introductions.html;
			sourceTree = "<group>";
		};
		552CE1431BA4AD9E0091E9C6 /* Loading.html */ = {
			isa = PBXVariantGroup;
			children = (
				552CE1421BA4AD9E0091E9C6 /* en */,
			);
			name = Loading.html;
			sourceTree = "<group>";
		};
		552CE1461BA4ADA30091E9C6 /* Mouse.html */ = {
			isa = PBXVariantGroup;
			children = (
				552CE1451BA4ADA30091E9C6 /* en */,
			);
			name = Mouse.html;
			sourceTree = "<group>";
		};
		552CE1491BA4ADA80091E9C6 /* Rules.html */ = {
			isa = PBXVariantGroup;
			children = (
				552CE1481BA4ADA80091E9C6 /* en */,
			);
			name = Rules.html;
			sourceTree = "<group>";
		};
		552CE14C1BA4ADAC0091E9C6 /* Preferences.html */ = {
			isa = PBXVariantGroup;
			children = (
				552CE14B1BA4ADAC0091E9C6 /* en */,
			);
			name = Preferences.html;
			sourceTree = "<group>";
		};
		552CE14F1BA4ADCA0091E9C6 /* TableOfCountents.html */ = {
			isa = PBXVariantGroup;
			children = (
				552CE1531BA4ADD50091E9C6 /* en */,
			);
			name = TableOfCountents.html;
			sourceTree = "<group>";
		};
		552CE1521BA4ADD10091E9C6 /* Tools.html */ = {
			isa = PBXVariantGroup;
			children = (
				552CE1511BA4ADD10091E9C6 /* en */,
			);
			name = Tools.html;
			sourceTree = "<group>";
		};
		552CE1561BA4ADE30091E9C6 /* Random.html */ = {
			isa = PBXVariantGroup;
			children = (
				552CE1551BA4ADE30091E9C6 /* en */,
			);
			name = Random.html;
			sourceTree = "<group>";
		};
		552CE1591BA4ADEC0091E9C6 /* License.html */ = {
			isa = PBXVariantGroup;
			children = (
				552CE1581BA4ADEC0091E9C6 /* en */,
			);
			name = License.html;
			sourceTree = "<group>";
		};
		552CE15C1BA4ADFC0091E9C6 /* ActionControl.html */ = {
			isa = PBXVariantGroup;
			children = (
				552CE15B1BA4ADFC0091E9C6 /* en */,
			);
			name = ActionControl.html;
			sourceTree = "<group>";
		};
		552CE15F1BA4AE050091E9C6 /* Acknowledgements.html */ = {
			isa = PBXVariantGroup;
			children = (
				552CE15E1BA4AE050091E9C6 /* en */,
			);
			name = Acknowledgements.html;
			sourceTree = "<group>";
		};
		552CE1621BA4AE0F0091E9C6 /* index.html */ = {
			isa = PBXVariantGroup;
			children = (
				552CE1611BA4AE0F0091E9C6 /* Base */,
			);
			name = index.html;
			sourceTree = "<group>";
		};
		55F6612A1BA3F13000599B8D /* Random.xib */ = {
			isa = PBXVariantGroup;
			children = (
				55F6612B1BA3F13000599B8D /* en */,
			);
			name = Random.xib;
			sourceTree = "<group>";
		};
/* End PBXVariantGroup section */

/* Begin XCBuildConfiguration section */
		553141B61B9A65DB00390795 /* Debug */ = {
			isa = XCBuildConfiguration;
			buildSettings = {
				ALWAYS_SEARCH_USER_PATHS = NO;
				CLANG_CXX_LANGUAGE_STANDARD = "gnu++0x";
				CLANG_CXX_LIBRARY = "libc++";
				CLANG_ENABLE_MODULES = YES;
				CLANG_ENABLE_OBJC_ARC = YES;
				CLANG_WARN_BLOCK_CAPTURE_AUTORELEASING = YES;
				CLANG_WARN_BOOL_CONVERSION = YES;
				CLANG_WARN_COMMA = YES;
				CLANG_WARN_CONSTANT_CONVERSION = YES;
				CLANG_WARN_DEPRECATED_OBJC_IMPLEMENTATIONS = YES;
				CLANG_WARN_DIRECT_OBJC_ISA_USAGE = YES_ERROR;
				CLANG_WARN_EMPTY_BODY = YES;
				CLANG_WARN_ENUM_CONVERSION = YES;
				CLANG_WARN_INFINITE_RECURSION = YES;
				CLANG_WARN_INT_CONVERSION = YES;
				CLANG_WARN_NON_LITERAL_NULL_CONVERSION = YES;
				CLANG_WARN_OBJC_IMPLICIT_RETAIN_SELF = YES;
				CLANG_WARN_OBJC_LITERAL_CONVERSION = YES;
				CLANG_WARN_OBJC_ROOT_CLASS = YES_ERROR;
				CLANG_WARN_RANGE_LOOP_ANALYSIS = YES;
				CLANG_WARN_STRICT_PROTOTYPES = YES;
				CLANG_WARN_SUSPICIOUS_MOVE = YES;
				CLANG_WARN_UNREACHABLE_CODE = YES;
				CLANG_WARN__DUPLICATE_METHOD_MATCH = YES;
				CODE_SIGN_IDENTITY = "-";
				COPY_PHASE_STRIP = NO;
				DEBUG_INFORMATION_FORMAT = dwarf;
				ENABLE_STRICT_OBJC_MSGSEND = YES;
				ENABLE_TESTABILITY = YES;
				GCC_C_LANGUAGE_STANDARD = gnu99;
				GCC_DYNAMIC_NO_PIC = NO;
				GCC_NO_COMMON_BLOCKS = YES;
				GCC_OPTIMIZATION_LEVEL = 0;
				GCC_PREPROCESSOR_DEFINITIONS = (
					"DEBUG=1",
					"$(inherited)",
				);
				GCC_WARN_64_TO_32_BIT_CONVERSION = YES;
				GCC_WARN_ABOUT_RETURN_TYPE = YES_ERROR;
				GCC_WARN_UNDECLARED_SELECTOR = YES;
				GCC_WARN_UNINITIALIZED_AUTOS = YES_AGGRESSIVE;
				GCC_WARN_UNUSED_FUNCTION = YES;
				GCC_WARN_UNUSED_VARIABLE = YES;
				MACOSX_DEPLOYMENT_TARGET = 10.10;
				MTL_ENABLE_DEBUG_INFO = YES;
				ONLY_ACTIVE_ARCH = YES;
				SDKROOT = macosx;
			};
			name = Debug;
		};
		553141B71B9A65DB00390795 /* Release */ = {
			isa = XCBuildConfiguration;
			buildSettings = {
				ALWAYS_SEARCH_USER_PATHS = NO;
				CLANG_CXX_LANGUAGE_STANDARD = "gnu++0x";
				CLANG_CXX_LIBRARY = "libc++";
				CLANG_ENABLE_MODULES = YES;
				CLANG_ENABLE_OBJC_ARC = YES;
				CLANG_WARN_BLOCK_CAPTURE_AUTORELEASING = YES;
				CLANG_WARN_BOOL_CONVERSION = YES;
				CLANG_WARN_COMMA = YES;
				CLANG_WARN_CONSTANT_CONVERSION = YES;
				CLANG_WARN_DEPRECATED_OBJC_IMPLEMENTATIONS = YES;
				CLANG_WARN_DIRECT_OBJC_ISA_USAGE = YES_ERROR;
				CLANG_WARN_EMPTY_BODY = YES;
				CLANG_WARN_ENUM_CONVERSION = YES;
				CLANG_WARN_INFINITE_RECURSION = YES;
				CLANG_WARN_INT_CONVERSION = YES;
				CLANG_WARN_NON_LITERAL_NULL_CONVERSION = YES;
				CLANG_WARN_OBJC_IMPLICIT_RETAIN_SELF = YES;
				CLANG_WARN_OBJC_LITERAL_CONVERSION = YES;
				CLANG_WARN_OBJC_ROOT_CLASS = YES_ERROR;
				CLANG_WARN_RANGE_LOOP_ANALYSIS = YES;
				CLANG_WARN_STRICT_PROTOTYPES = YES;
				CLANG_WARN_SUSPICIOUS_MOVE = YES;
				CLANG_WARN_UNREACHABLE_CODE = YES;
				CLANG_WARN__DUPLICATE_METHOD_MATCH = YES;
				CODE_SIGN_IDENTITY = "-";
				COPY_PHASE_STRIP = NO;
				DEBUG_INFORMATION_FORMAT = "dwarf-with-dsym";
				ENABLE_NS_ASSERTIONS = NO;
				ENABLE_STRICT_OBJC_MSGSEND = YES;
				GCC_C_LANGUAGE_STANDARD = gnu99;
				GCC_NO_COMMON_BLOCKS = YES;
				GCC_WARN_64_TO_32_BIT_CONVERSION = YES;
				GCC_WARN_ABOUT_RETURN_TYPE = YES_ERROR;
				GCC_WARN_UNDECLARED_SELECTOR = YES;
				GCC_WARN_UNINITIALIZED_AUTOS = YES_AGGRESSIVE;
				GCC_WARN_UNUSED_FUNCTION = YES;
				GCC_WARN_UNUSED_VARIABLE = YES;
				MACOSX_DEPLOYMENT_TARGET = 10.10;
				MTL_ENABLE_DEBUG_INFO = NO;
				SDKROOT = macosx;
			};
			name = Release;
		};
		553141B91B9A65DB00390795 /* Debug */ = {
			isa = XCBuildConfiguration;
			buildSettings = {
				ASSETCATALOG_COMPILER_APPICON_NAME = AppIcon;
				COMBINE_HIDPI_IMAGES = YES;
				GCC_WARN_ABOUT_DEPRECATED_FUNCTIONS = NO;
				INFOPLIST_FILE = Info.plist;
				LD_RUNPATH_SEARCH_PATHS = "$(inherited) @executable_path/../Frameworks";
				PRODUCT_BUNDLE_IDENTIFIER = com.github.maddthesane.NeXTLife;
				PRODUCT_NAME = "$(TARGET_NAME)";
			};
			name = Debug;
		};
		553141BA1B9A65DB00390795 /* Release */ = {
			isa = XCBuildConfiguration;
			buildSettings = {
				ASSETCATALOG_COMPILER_APPICON_NAME = AppIcon;
				COMBINE_HIDPI_IMAGES = YES;
				GCC_WARN_ABOUT_DEPRECATED_FUNCTIONS = NO;
				INFOPLIST_FILE = Info.plist;
				LD_RUNPATH_SEARCH_PATHS = "$(inherited) @executable_path/../Frameworks";
				PRODUCT_BUNDLE_IDENTIFIER = com.github.maddthesane.NeXTLife;
				PRODUCT_NAME = "$(TARGET_NAME)";
			};
			name = Release;
		};
		557A13711BA25E7E002C302C /* Debug */ = {
			isa = XCBuildConfiguration;
			buildSettings = {
				COMBINE_HIDPI_IMAGES = YES;
				GENERATE_PKGINFO_FILE = YES;
				INFOPLIST_FILE = HelpBundle/Info.plist;
				INSTALL_PATH = "$(LOCAL_LIBRARY_DIR)/Bundles";
				PRODUCT_BUNDLE_IDENTIFIER = com.github.maddthesane.HelpBundle;
				PRODUCT_NAME = Life;
				SKIP_INSTALL = YES;
				WRAPPER_EXTENSION = help;
			};
			name = Debug;
		};
		557A13721BA25E7E002C302C /* Release */ = {
			isa = XCBuildConfiguration;
			buildSettings = {
				COMBINE_HIDPI_IMAGES = YES;
				GENERATE_PKGINFO_FILE = YES;
				INFOPLIST_FILE = HelpBundle/Info.plist;
				INSTALL_PATH = "$(LOCAL_LIBRARY_DIR)/Bundles";
				PRODUCT_BUNDLE_IDENTIFIER = com.github.maddthesane.HelpBundle;
				PRODUCT_NAME = Life;
				SKIP_INSTALL = YES;
				WRAPPER_EXTENSION = help;
			};
			name = Release;
		};
/* End XCBuildConfiguration section */

/* Begin XCConfigurationList section */
		553141A21B9A65DB00390795 /* Build configuration list for PBXProject "NeXTLife" */ = {
			isa = XCConfigurationList;
			buildConfigurations = (
				553141B61B9A65DB00390795 /* Debug */,
				553141B71B9A65DB00390795 /* Release */,
			);
			defaultConfigurationIsVisible = 0;
			defaultConfigurationName = Release;
		};
		553141B81B9A65DB00390795 /* Build configuration list for PBXNativeTarget "NeXTLife" */ = {
			isa = XCConfigurationList;
			buildConfigurations = (
				553141B91B9A65DB00390795 /* Debug */,
				553141BA1B9A65DB00390795 /* Release */,
			);
			defaultConfigurationIsVisible = 0;
			defaultConfigurationName = Release;
		};
		557A13731BA25E7E002C302C /* Build configuration list for PBXNativeTarget "HelpBundle" */ = {
			isa = XCConfigurationList;
			buildConfigurations = (
				557A13711BA25E7E002C302C /* Debug */,
				557A13721BA25E7E002C302C /* Release */,
			);
			defaultConfigurationIsVisible = 0;
			defaultConfigurationName = Release;
		};
/* End XCConfigurationList section */
	};
	rootObject = 5531419F1B9A65DB00390795 /* Project object */;
}
